
Microsoft Visual Studio Solution File, Format Version 12.00
# Visual Studio 14
VisualStudioVersion = 14.0.24720.0
MinimumVisualStudioVersion = 10.0.40219.1
Project("{2150E333-8FDC-42A3-9474-1A3956D46DE8}") = "SubwayDemo", "SubwayDemo", "{CB1827F2-E7DF-42C3-927C-7060D7569863}"
EndProject
Project("{FAE04EC0-301F-11D3-BF4B-00C04F79EFBC}") = "Subway.Tests", "Subway.Tests\Subway.Tests.csproj", "{13948CCF-FC2E-4E4B-ACC9-2C67D3AB9191}"
EndProject
Global
	GlobalSection(SolutionConfigurationPlatforms) = preSolution
		Debug|Any CPU = Debug|Any CPU
		Release|Any CPU = Release|Any CPU
	EndGlobalSection
	GlobalSection(ProjectConfigurationPlatforms) = postSolution
		{13948CCF-FC2E-4E4B-ACC9-2C67D3AB9191}.Debug|Any CPU.ActiveCfg = Debug|Any CPU
		{13948CCF-FC2E-4E4B-ACC9-2C67D3AB9191}.Debug|Any CPU.Build.0 = Debug|Any CPU
		{13948CCF-FC2E-4E4B-ACC9-2C67D3AB9191}.Release|Any CPU.ActiveCfg = Release|Any CPU
		{13948CCF-FC2E-4E4B-ACC9-2C67D3AB9191}.Release|Any CPU.Build.0 = Release|Any CPU
	EndGlobalSection
	GlobalSection(SolutionProperties) = preSolution
		HideSolutionNode = FALSE
	EndGlobalSection
	GlobalSection(NestedProjects) = preSolution
		{13948CCF-FC2E-4E4B-ACC9-2C67D3AB9191} = {CB1827F2-E7DF-42C3-927C-7060D7569863}
	EndGlobalSection
EndGlobal
