
Microsoft Visual Studio Solution File, Format Version 12.00
# Visual Studio 14
VisualStudioVersion = 14.0.24720.0
MinimumVisualStudioVersion = 10.0.40219.1
Project("{2150E333-8FDC-42A3-9474-1A3956D46DE8}") = "SubwayDemo", "SubwayDemo", "{CB1827F2-E7DF-42C3-927C-7060D7569863}"
EndProject
Project("{FAE04EC0-301F-11D3-BF4B-00C04F79EFBC}") = "Subway.Tests", "Subway.Tests\Subway.Tests.csproj", "{13948CCF-FC2E-4E4B-ACC9-2C67D3AB9191}"
EndProject
Project("{2150E333-8FDC-42A3-9474-1A3956D46DE8}") = "Exercise-01-EmailValidator", "Exercise-01-EmailValidator", "{C011F9D3-953B-4BC6-84B4-3764CB69A6FA}"
EndProject
Project("{FAE04EC0-301F-11D3-BF4B-00C04F79EFBC}") = "ValidationEngine", "ValidationEngine\ValidationEngine.csproj", "{CF56C405-D30A-4745-A26F-64B55B3FAC21}"
EndProject
Project("{FAE04EC0-301F-11D3-BF4B-00C04F79EFBC}") = "ValidationEngine.Tests", "ValidationEngine.Tests\ValidationEngine.Tests.csproj", "{DF4C145E-032D-4C5D-A149-AEE727970208}"
EndProject
Project("{2150E333-8FDC-42A3-9474-1A3956D46DE8}") = "HannahTheHairdresserDemo", "HannahTheHairdresserDemo", "{98B8DDF0-E624-4D44-B9F6-6128EC73D1F4}"
EndProject
Project("{FAE04EC0-301F-11D3-BF4B-00C04F79EFBC}") = "HannahTheHairdresser.Tests", "HannahTheHairdresser.Tests\HannahTheHairdresser.Tests.csproj", "{6E32B30B-7D68-44BD-A9B7-7945EC4789AB}"
EndProject
Project("{2150E333-8FDC-42A3-9474-1A3956D46DE8}") = "NonMandatoryExercises", "NonMandatoryExercises", "{FF38C0D5-9DB0-40FE-8E5F-53995610B2DE}"
EndProject
Project("{2150E333-8FDC-42A3-9474-1A3956D46DE8}") = "CoinChanger", "CoinChanger", "{CAECAFA3-78D6-499F-B5AF-CB1C3DEA3BB7}"
EndProject
Project("{2150E333-8FDC-42A3-9474-1A3956D46DE8}") = "MandatoryExercises", "MandatoryExercises", "{28B36003-D356-42AB-B585-9E0B4CAD4322}"
EndProject
Project("{2150E333-8FDC-42A3-9474-1A3956D46DE8}") = "Demos", "Demos", "{51B6DB01-F7CA-4EA0-8C92-6960CDF82FB4}"
EndProject
Project("{FAE04EC0-301F-11D3-BF4B-00C04F79EFBC}") = "CoinChangerApplication", "CoinChangerApplication\CoinChangerApplication.csproj", "{6A77FB44-68D5-4449-A800-6E2B40DB2B5B}"
EndProject
Project("{FAE04EC0-301F-11D3-BF4B-00C04F79EFBC}") = "CoinChangerApplication.Tests", "CoinChangerApplication.Tests\CoinChangerApplication.Tests.csproj", "{9471DB56-5962-4D97-AABD-777210CD1561}"
EndProject
Project("{2150E333-8FDC-42A3-9474-1A3956D46DE8}") = "Exercise-02-BelieveItTravelAgency", "Exercise-02-BelieveItTravelAgency", "{9C7661D4-4E70-4E42-9AC8-B3B0534FCA2B}"
EndProject
Project("{FAE04EC0-301F-11D3-BF4B-00C04F79EFBC}") = "TravelAgency.Tests", "TravelAgency.Tests\TravelAgency.Tests.csproj", "{1B112F15-D19F-4207-9E62-CC5DAFBCC895}"
EndProject
Project("{FAE04EC0-301F-11D3-BF4B-00C04F79EFBC}") = "TravelAgency.ConsoleGui", "TravelAgency.ConsoleGui\TravelAgency.ConsoleGui.csproj", "{2C0697C2-B87C-44FA-B79F-6F1B9218E903}"
EndProject
Project("{2150E333-8FDC-42A3-9474-1A3956D46DE8}") = "Exercise-03-TDDKata", "Exercise-03-TDDKata", "{EE1A2E77-516D-459B-AD4F-9FF147AE2E5F}"
EndProject
Project("{FAE04EC0-301F-11D3-BF4B-00C04F79EFBC}") = "StringCalculator.Tests", "StringCalculator.Tests\StringCalculator.Tests.csproj", "{B08A13BE-336E-49D7-8A9C-B09E270F3DC2}"
EndProject
Project("{2150E333-8FDC-42A3-9474-1A3956D46DE8}") = "ExtraExercise-03-NSubstitute", "ExtraExercise-03-NSubstitute", "{76915B6B-059F-4BEB-AEB4-F91DAE1E0989}"
EndProject
Project("{FAE04EC0-301F-11D3-BF4B-00C04F79EFBC}") = "Bank.Tests", "Bank.Tests\Bank.Tests.csproj", "{BA6061CF-BC13-480F-ADEC-B541D5E964AB}"
EndProject
Global
	GlobalSection(SolutionConfigurationPlatforms) = preSolution
		Debug|Any CPU = Debug|Any CPU
		Release|Any CPU = Release|Any CPU
	EndGlobalSection
	GlobalSection(ProjectConfigurationPlatforms) = postSolution
		{13948CCF-FC2E-4E4B-ACC9-2C67D3AB9191}.Debug|Any CPU.ActiveCfg = Debug|Any CPU
		{13948CCF-FC2E-4E4B-ACC9-2C67D3AB9191}.Debug|Any CPU.Build.0 = Debug|Any CPU
		{13948CCF-FC2E-4E4B-ACC9-2C67D3AB9191}.Release|Any CPU.ActiveCfg = Release|Any CPU
		{13948CCF-FC2E-4E4B-ACC9-2C67D3AB9191}.Release|Any CPU.Build.0 = Release|Any CPU
		{CF56C405-D30A-4745-A26F-64B55B3FAC21}.Debug|Any CPU.ActiveCfg = Debug|Any CPU
		{CF56C405-D30A-4745-A26F-64B55B3FAC21}.Debug|Any CPU.Build.0 = Debug|Any CPU
		{CF56C405-D30A-4745-A26F-64B55B3FAC21}.Release|Any CPU.ActiveCfg = Release|Any CPU
		{CF56C405-D30A-4745-A26F-64B55B3FAC21}.Release|Any CPU.Build.0 = Release|Any CPU
		{DF4C145E-032D-4C5D-A149-AEE727970208}.Debug|Any CPU.ActiveCfg = Debug|Any CPU
		{DF4C145E-032D-4C5D-A149-AEE727970208}.Debug|Any CPU.Build.0 = Debug|Any CPU
		{DF4C145E-032D-4C5D-A149-AEE727970208}.Release|Any CPU.ActiveCfg = Release|Any CPU
		{DF4C145E-032D-4C5D-A149-AEE727970208}.Release|Any CPU.Build.0 = Release|Any CPU
		{6E32B30B-7D68-44BD-A9B7-7945EC4789AB}.Debug|Any CPU.ActiveCfg = Debug|Any CPU
		{6E32B30B-7D68-44BD-A9B7-7945EC4789AB}.Debug|Any CPU.Build.0 = Debug|Any CPU
		{6E32B30B-7D68-44BD-A9B7-7945EC4789AB}.Release|Any CPU.ActiveCfg = Release|Any CPU
		{6E32B30B-7D68-44BD-A9B7-7945EC4789AB}.Release|Any CPU.Build.0 = Release|Any CPU
		{6A77FB44-68D5-4449-A800-6E2B40DB2B5B}.Debug|Any CPU.ActiveCfg = Debug|Any CPU
		{6A77FB44-68D5-4449-A800-6E2B40DB2B5B}.Debug|Any CPU.Build.0 = Debug|Any CPU
		{6A77FB44-68D5-4449-A800-6E2B40DB2B5B}.Release|Any CPU.ActiveCfg = Release|Any CPU
		{6A77FB44-68D5-4449-A800-6E2B40DB2B5B}.Release|Any CPU.Build.0 = Release|Any CPU
		{9471DB56-5962-4D97-AABD-777210CD1561}.Debug|Any CPU.ActiveCfg = Debug|Any CPU
		{9471DB56-5962-4D97-AABD-777210CD1561}.Debug|Any CPU.Build.0 = Debug|Any CPU
		{9471DB56-5962-4D97-AABD-777210CD1561}.Release|Any CPU.ActiveCfg = Release|Any CPU
		{9471DB56-5962-4D97-AABD-777210CD1561}.Release|Any CPU.Build.0 = Release|Any CPU
		{1B112F15-D19F-4207-9E62-CC5DAFBCC895}.Debug|Any CPU.ActiveCfg = Debug|Any CPU
		{1B112F15-D19F-4207-9E62-CC5DAFBCC895}.Debug|Any CPU.Build.0 = Debug|Any CPU
		{1B112F15-D19F-4207-9E62-CC5DAFBCC895}.Release|Any CPU.ActiveCfg = Release|Any CPU
		{1B112F15-D19F-4207-9E62-CC5DAFBCC895}.Release|Any CPU.Build.0 = Release|Any CPU
		{2C0697C2-B87C-44FA-B79F-6F1B9218E903}.Debug|Any CPU.ActiveCfg = Debug|Any CPU
		{2C0697C2-B87C-44FA-B79F-6F1B9218E903}.Debug|Any CPU.Build.0 = Debug|Any CPU
		{2C0697C2-B87C-44FA-B79F-6F1B9218E903}.Release|Any CPU.ActiveCfg = Release|Any CPU
		{2C0697C2-B87C-44FA-B79F-6F1B9218E903}.Release|Any CPU.Build.0 = Release|Any CPU
		{B08A13BE-336E-49D7-8A9C-B09E270F3DC2}.Debug|Any CPU.ActiveCfg = Debug|Any CPU
		{B08A13BE-336E-49D7-8A9C-B09E270F3DC2}.Debug|Any CPU.Build.0 = Debug|Any CPU
		{B08A13BE-336E-49D7-8A9C-B09E270F3DC2}.Release|Any CPU.ActiveCfg = Release|Any CPU
		{B08A13BE-336E-49D7-8A9C-B09E270F3DC2}.Release|Any CPU.Build.0 = Release|Any CPU
		{BA6061CF-BC13-480F-ADEC-B541D5E964AB}.Debug|Any CPU.ActiveCfg = Debug|Any CPU
		{BA6061CF-BC13-480F-ADEC-B541D5E964AB}.Debug|Any CPU.Build.0 = Debug|Any CPU
		{BA6061CF-BC13-480F-ADEC-B541D5E964AB}.Release|Any CPU.ActiveCfg = Release|Any CPU
		{BA6061CF-BC13-480F-ADEC-B541D5E964AB}.Release|Any CPU.Build.0 = Release|Any CPU
	EndGlobalSection
	GlobalSection(SolutionProperties) = preSolution
		HideSolutionNode = FALSE
	EndGlobalSection
	GlobalSection(NestedProjects) = preSolution
		{CB1827F2-E7DF-42C3-927C-7060D7569863} = {51B6DB01-F7CA-4EA0-8C92-6960CDF82FB4}
		{13948CCF-FC2E-4E4B-ACC9-2C67D3AB9191} = {CB1827F2-E7DF-42C3-927C-7060D7569863}
		{C011F9D3-953B-4BC6-84B4-3764CB69A6FA} = {28B36003-D356-42AB-B585-9E0B4CAD4322}
		{CF56C405-D30A-4745-A26F-64B55B3FAC21} = {C011F9D3-953B-4BC6-84B4-3764CB69A6FA}
		{DF4C145E-032D-4C5D-A149-AEE727970208} = {C011F9D3-953B-4BC6-84B4-3764CB69A6FA}
		{98B8DDF0-E624-4D44-B9F6-6128EC73D1F4} = {51B6DB01-F7CA-4EA0-8C92-6960CDF82FB4}
		{6E32B30B-7D68-44BD-A9B7-7945EC4789AB} = {98B8DDF0-E624-4D44-B9F6-6128EC73D1F4}
		{CAECAFA3-78D6-499F-B5AF-CB1C3DEA3BB7} = {FF38C0D5-9DB0-40FE-8E5F-53995610B2DE}
		{6A77FB44-68D5-4449-A800-6E2B40DB2B5B} = {CAECAFA3-78D6-499F-B5AF-CB1C3DEA3BB7}
		{9471DB56-5962-4D97-AABD-777210CD1561} = {CAECAFA3-78D6-499F-B5AF-CB1C3DEA3BB7}
		{9C7661D4-4E70-4E42-9AC8-B3B0534FCA2B} = {28B36003-D356-42AB-B585-9E0B4CAD4322}
		{1B112F15-D19F-4207-9E62-CC5DAFBCC895} = {9C7661D4-4E70-4E42-9AC8-B3B0534FCA2B}
		{2C0697C2-B87C-44FA-B79F-6F1B9218E903} = {9C7661D4-4E70-4E42-9AC8-B3B0534FCA2B}
		{EE1A2E77-516D-459B-AD4F-9FF147AE2E5F} = {28B36003-D356-42AB-B585-9E0B4CAD4322}
		{B08A13BE-336E-49D7-8A9C-B09E270F3DC2} = {EE1A2E77-516D-459B-AD4F-9FF147AE2E5F}
		{76915B6B-059F-4BEB-AEB4-F91DAE1E0989} = {28B36003-D356-42AB-B585-9E0B4CAD4322}
		{BA6061CF-BC13-480F-ADEC-B541D5E964AB} = {76915B6B-059F-4BEB-AEB4-F91DAE1E0989}
	EndGlobalSection
EndGlobal
