
Microsoft Visual Studio Solution File, Format Version 12.00
# Visual Studio 14
VisualStudioVersion = 14.0.24720.0
MinimumVisualStudioVersion = 10.0.40219.1
Project("{2150E333-8FDC-42A3-9474-1A3956D46DE8}") = "SubwayDemo", "SubwayDemo", "{CB1827F2-E7DF-42C3-927C-7060D7569863}"
EndProject
Project("{FAE04EC0-301F-11D3-BF4B-00C04F79EFBC}") = "Subway.Tests", "Subway.Tests\Subway.Tests.csproj", "{13948CCF-FC2E-4E4B-ACC9-2C67D3AB9191}"
EndProject
Project("{2150E333-8FDC-42A3-9474-1A3956D46DE8}") = "Exercise01-WritingBasicUnitTests", "Exercise01-WritingBasicUnitTests", "{C011F9D3-953B-4BC6-84B4-3764CB69A6FA}"
EndProject
Project("{FAE04EC0-301F-11D3-BF4B-00C04F79EFBC}") = "ValidationEngine", "ValidationEngine\ValidationEngine.csproj", "{CF56C405-D30A-4745-A26F-64B55B3FAC21}"
EndProject
Project("{FAE04EC0-301F-11D3-BF4B-00C04F79EFBC}") = "ValidationEngineTests", "ValidationEngineTests\ValidationEngineTests.csproj", "{8FE46FD8-A01A-46D6-AEC3-8ACD545E7175}"
EndProject
Global
	GlobalSection(SolutionConfigurationPlatforms) = preSolution
		Debug|Any CPU = Debug|Any CPU
		Release|Any CPU = Release|Any CPU
	EndGlobalSection
	GlobalSection(ProjectConfigurationPlatforms) = postSolution
		{13948CCF-FC2E-4E4B-ACC9-2C67D3AB9191}.Debug|Any CPU.ActiveCfg = Debug|Any CPU
		{13948CCF-FC2E-4E4B-ACC9-2C67D3AB9191}.Debug|Any CPU.Build.0 = Debug|Any CPU
		{13948CCF-FC2E-4E4B-ACC9-2C67D3AB9191}.Release|Any CPU.ActiveCfg = Release|Any CPU
		{13948CCF-FC2E-4E4B-ACC9-2C67D3AB9191}.Release|Any CPU.Build.0 = Release|Any CPU
		{CF56C405-D30A-4745-A26F-64B55B3FAC21}.Debug|Any CPU.ActiveCfg = Debug|Any CPU
		{CF56C405-D30A-4745-A26F-64B55B3FAC21}.Debug|Any CPU.Build.0 = Debug|Any CPU
		{CF56C405-D30A-4745-A26F-64B55B3FAC21}.Release|Any CPU.ActiveCfg = Release|Any CPU
		{CF56C405-D30A-4745-A26F-64B55B3FAC21}.Release|Any CPU.Build.0 = Release|Any CPU
		{8FE46FD8-A01A-46D6-AEC3-8ACD545E7175}.Debug|Any CPU.ActiveCfg = Debug|Any CPU
		{8FE46FD8-A01A-46D6-AEC3-8ACD545E7175}.Debug|Any CPU.Build.0 = Debug|Any CPU
		{8FE46FD8-A01A-46D6-AEC3-8ACD545E7175}.Release|Any CPU.ActiveCfg = Release|Any CPU
		{8FE46FD8-A01A-46D6-AEC3-8ACD545E7175}.Release|Any CPU.Build.0 = Release|Any CPU
	EndGlobalSection
	GlobalSection(SolutionProperties) = preSolution
		HideSolutionNode = FALSE
	EndGlobalSection
	GlobalSection(NestedProjects) = preSolution
		{13948CCF-FC2E-4E4B-ACC9-2C67D3AB9191} = {CB1827F2-E7DF-42C3-927C-7060D7569863}
		{CF56C405-D30A-4745-A26F-64B55B3FAC21} = {C011F9D3-953B-4BC6-84B4-3764CB69A6FA}
		{8FE46FD8-A01A-46D6-AEC3-8ACD545E7175} = {C011F9D3-953B-4BC6-84B4-3764CB69A6FA}
	EndGlobalSection
EndGlobal
